
Microsoft Visual Studio Solution File, Format Version 12.00
# Visual Studio Version 16
VisualStudioVersion = 16.0.30011.22
MinimumVisualStudioVersion = 10.0.40219.1
Project("{8BC9CEB8-8B4A-11D0-8D11-00A0C91BC942}") = "Tema2-09", "Tema2-09\Tema2-09.vcxproj", "{0263B914-5E7E-4012-81ED-31B58BB1CE67}"
EndProject
Project("{8BC9CEB8-8B4A-11D0-8D11-00A0C91BC942}") = "Tema3-01", "Tema3-01\Tema3-01.vcxproj", "{7FDBD3BA-2B45-4A7A-841B-CF810C48BAA7}"
EndProject
Project("{8BC9CEB8-8B4A-11D0-8D11-00A0C91BC942}") = "Tema3-02", "Tema3-02\Tema3-02.vcxproj", "{C55D0A5A-F82E-4163-9BCE-B57C60B6E2F9}"
EndProject
Project("{8BC9CEB8-8B4A-11D0-8D11-00A0C91BC942}") = "Tema3-05", "Tema3-05\Tema3-05.vcxproj", "{ACC5D2EA-3405-49AE-AE4A-F76B5B769E9B}"
EndProject
Project("{8BC9CEB8-8B4A-11D0-8D11-00A0C91BC942}") = "Tema3-06", "Tema3-06\Tema3-06.vcxproj", "{AF11BCA3-B4A0-4751-92C6-8201139C2A04}"
EndProject
Project("{8BC9CEB8-8B4A-11D0-8D11-00A0C91BC942}") = "Tema3-07", "Tema3-07\Tema3-07.vcxproj", "{374DC8ED-E983-494B-9457-BC1F3F9F781A}"
EndProject
Project("{8BC9CEB8-8B4A-11D0-8D11-00A0C91BC942}") = "Tema3-08", "Tema3-08\Tema3-08.vcxproj", "{C92E3032-388A-49B1-A377-719780C63530}"
EndProject
Project("{8BC9CEB8-8B4A-11D0-8D11-00A0C91BC942}") = "Tema4-01", "Tema4-01\Tema4-01.vcxproj", "{CE9E8504-25A3-4CBB-BC56-44A3527E4788}"
EndProject
Project("{8BC9CEB8-8B4A-11D0-8D11-00A0C91BC942}") = "Tema4-03", "Tema4-03\Tema4-03.vcxproj", "{58BC7309-52AC-4B52-B843-F3D302B08EB1}"
EndProject
Project("{8BC9CEB8-8B4A-11D0-8D11-00A0C91BC942}") = "Tema4-02", "Tema4-02\Tema4-02.vcxproj", "{75196D08-BDFC-4748-ACFE-6CABCC0F65DF}"
EndProject
Project("{8BC9CEB8-8B4A-11D0-8D11-00A0C91BC942}") = "Tema5-01", "Tema5-01\Tema5-01.vcxproj", "{4A6FD629-8347-446E-AADD-884661F053F6}"
EndProject
Project("{8BC9CEB8-8B4A-11D0-8D11-00A0C91BC942}") = "Tema5-02", "Tema5-02\Tema5-02.vcxproj", "{AC17FE58-54AC-4401-ABAA-F99E28278FEC}"
EndProject
Project("{8BC9CEB8-8B4A-11D0-8D11-00A0C91BC942}") = "Tema5-03", "Tema5-03\Tema5-03.vcxproj", "{6BB5E764-48B5-4DA8-BFDE-656766C1D8FD}"
EndProject
Project("{8BC9CEB8-8B4A-11D0-8D11-00A0C91BC942}") = "Tema5-04", "Tema5-04\Tema5-04.vcxproj", "{6876E5A0-D5D9-486F-9CAC-3FC6E9259513}"
EndProject
Project("{8BC9CEB8-8B4A-11D0-8D11-00A0C91BC942}") = "Tema5-05", "Tema5-05\Tema5-05.vcxproj", "{A59DE9BE-6B8B-4712-9A3F-6F241EB78E58}"
EndProject
Project("{8BC9CEB8-8B4A-11D0-8D11-00A0C91BC942}") = "Tema5-07", "Tema5-07\Tema5-07.vcxproj", "{C2280205-6223-4245-82F9-105121AD1F64}"
EndProject
Project("{8BC9CEB8-8B4A-11D0-8D11-00A0C91BC942}") = "Tema5-08", "Tema5-08\Tema5-08.vcxproj", "{A23F914A-9FE5-4B09-8231-E0C475615145}"
EndProject
Project("{8BC9CEB8-8B4A-11D0-8D11-00A0C91BC942}") = "Tema5-10", "Tema5-10\Tema5-10.vcxproj", "{09FF6560-7093-4DBB-9FB1-B3356003B8E0}"
EndProject
Project("{8BC9CEB8-8B4A-11D0-8D11-00A0C91BC942}") = "Tema5-09", "Tema5-09\Tema5-09.vcxproj", "{3BFB4815-A080-4E7B-A3E4-8A81822294F4}"
EndProject
Project("{8BC9CEB8-8B4A-11D0-8D11-00A0C91BC942}") = "Tema5-11", "Tema5-11\Tema5-11.vcxproj", "{E4690EA2-76D6-4C2D-BA19-748C4B98D83B}"
EndProject
Project("{8BC9CEB8-8B4A-11D0-8D11-00A0C91BC942}") = "Tema6-01", "Tema6-01\Tema6-01.vcxproj", "{BD1E0499-DD18-4E3A-B996-EAE25BBDFA8E}"
EndProject
Project("{8BC9CEB8-8B4A-11D0-8D11-00A0C91BC942}") = "Tema6-02", "Tema6-02\Tema6-02.vcxproj", "{0AF4AE5B-64C0-41A5-863C-94EFC03FF4D1}"
EndProject
Project("{8BC9CEB8-8B4A-11D0-8D11-00A0C91BC942}") = "Tema6-03", "Tema6-03\Tema6-03.vcxproj", "{44599D94-F669-44A6-B96A-4A0610957AC2}"
EndProject
Project("{8BC9CEB8-8B4A-11D0-8D11-00A0C91BC942}") = "Tema6-04", "Tema6-04\Tema6-04.vcxproj", "{58943292-6092-47C8-90C4-F39413554790}"
EndProject
Project("{8BC9CEB8-8B4A-11D0-8D11-00A0C91BC942}") = "Tema", "Tema\Tema.vcxproj", "{AA76F2E6-7E9D-473E-874D-599981C2826F}"
EndProject
Project("{8BC9CEB8-8B4A-11D0-8D11-00A0C91BC942}") = "Tema6-05", "Tema6-05\Tema6-05.vcxproj", "{D79BDE93-0DC7-4A30-B9B9-A450A5B88585}"
EndProject
Project("{8BC9CEB8-8B4A-11D0-8D11-00A0C91BC942}") = "Tema6-10", "Tema6-10\Tema6-10.vcxproj", "{0FA2991D-049C-4496-BDD5-5AADF4073AB4}"
EndProject
Project("{8BC9CEB8-8B4A-11D0-8D11-00A0C91BC942}") = "Tema6-07", "Tema6-07\Tema6-07.vcxproj", "{15A14824-C94E-4ECC-A1BA-3D9D8724115E}"
EndProject
Project("{8BC9CEB8-8B4A-11D0-8D11-00A0C91BC942}") = "Tema6-12", "Tema6-12\Tema6-12.vcxproj", "{BFA6B448-0158-4C23-B717-72A2857FB3A7}"
EndProject
Project("{8BC9CEB8-8B4A-11D0-8D11-00A0C91BC942}") = "Tema7-01", "Tema7-01\Tema7-01.vcxproj", "{B1240FC9-904E-4848-BC1E-7A332E2F4A8C}"
EndProject
Global
	GlobalSection(SolutionConfigurationPlatforms) = preSolution
		Debug|x64 = Debug|x64
		Debug|x86 = Debug|x86
		Release|x64 = Release|x64
		Release|x86 = Release|x86
	EndGlobalSection
	GlobalSection(ProjectConfigurationPlatforms) = postSolution
		{0263B914-5E7E-4012-81ED-31B58BB1CE67}.Debug|x64.ActiveCfg = Debug|x64
		{0263B914-5E7E-4012-81ED-31B58BB1CE67}.Debug|x64.Build.0 = Debug|x64
		{0263B914-5E7E-4012-81ED-31B58BB1CE67}.Debug|x86.ActiveCfg = Debug|Win32
		{0263B914-5E7E-4012-81ED-31B58BB1CE67}.Debug|x86.Build.0 = Debug|Win32
		{0263B914-5E7E-4012-81ED-31B58BB1CE67}.Release|x64.ActiveCfg = Release|x64
		{0263B914-5E7E-4012-81ED-31B58BB1CE67}.Release|x64.Build.0 = Release|x64
		{0263B914-5E7E-4012-81ED-31B58BB1CE67}.Release|x86.ActiveCfg = Release|Win32
		{0263B914-5E7E-4012-81ED-31B58BB1CE67}.Release|x86.Build.0 = Release|Win32
		{7FDBD3BA-2B45-4A7A-841B-CF810C48BAA7}.Debug|x64.ActiveCfg = Debug|x64
		{7FDBD3BA-2B45-4A7A-841B-CF810C48BAA7}.Debug|x64.Build.0 = Debug|x64
		{7FDBD3BA-2B45-4A7A-841B-CF810C48BAA7}.Debug|x86.ActiveCfg = Debug|Win32
		{7FDBD3BA-2B45-4A7A-841B-CF810C48BAA7}.Debug|x86.Build.0 = Debug|Win32
		{7FDBD3BA-2B45-4A7A-841B-CF810C48BAA7}.Release|x64.ActiveCfg = Release|x64
		{7FDBD3BA-2B45-4A7A-841B-CF810C48BAA7}.Release|x64.Build.0 = Release|x64
		{7FDBD3BA-2B45-4A7A-841B-CF810C48BAA7}.Release|x86.ActiveCfg = Release|Win32
		{7FDBD3BA-2B45-4A7A-841B-CF810C48BAA7}.Release|x86.Build.0 = Release|Win32
		{C55D0A5A-F82E-4163-9BCE-B57C60B6E2F9}.Debug|x64.ActiveCfg = Debug|x64
		{C55D0A5A-F82E-4163-9BCE-B57C60B6E2F9}.Debug|x64.Build.0 = Debug|x64
		{C55D0A5A-F82E-4163-9BCE-B57C60B6E2F9}.Debug|x86.ActiveCfg = Debug|Win32
		{C55D0A5A-F82E-4163-9BCE-B57C60B6E2F9}.Debug|x86.Build.0 = Debug|Win32
		{C55D0A5A-F82E-4163-9BCE-B57C60B6E2F9}.Release|x64.ActiveCfg = Release|x64
		{C55D0A5A-F82E-4163-9BCE-B57C60B6E2F9}.Release|x64.Build.0 = Release|x64
		{C55D0A5A-F82E-4163-9BCE-B57C60B6E2F9}.Release|x86.ActiveCfg = Release|Win32
		{C55D0A5A-F82E-4163-9BCE-B57C60B6E2F9}.Release|x86.Build.0 = Release|Win32
		{ACC5D2EA-3405-49AE-AE4A-F76B5B769E9B}.Debug|x64.ActiveCfg = Debug|x64
		{ACC5D2EA-3405-49AE-AE4A-F76B5B769E9B}.Debug|x64.Build.0 = Debug|x64
		{ACC5D2EA-3405-49AE-AE4A-F76B5B769E9B}.Debug|x86.ActiveCfg = Debug|Win32
		{ACC5D2EA-3405-49AE-AE4A-F76B5B769E9B}.Debug|x86.Build.0 = Debug|Win32
		{ACC5D2EA-3405-49AE-AE4A-F76B5B769E9B}.Release|x64.ActiveCfg = Release|x64
		{ACC5D2EA-3405-49AE-AE4A-F76B5B769E9B}.Release|x64.Build.0 = Release|x64
		{ACC5D2EA-3405-49AE-AE4A-F76B5B769E9B}.Release|x86.ActiveCfg = Release|Win32
		{ACC5D2EA-3405-49AE-AE4A-F76B5B769E9B}.Release|x86.Build.0 = Release|Win32
		{AF11BCA3-B4A0-4751-92C6-8201139C2A04}.Debug|x64.ActiveCfg = Debug|x64
		{AF11BCA3-B4A0-4751-92C6-8201139C2A04}.Debug|x64.Build.0 = Debug|x64
		{AF11BCA3-B4A0-4751-92C6-8201139C2A04}.Debug|x86.ActiveCfg = Debug|Win32
		{AF11BCA3-B4A0-4751-92C6-8201139C2A04}.Debug|x86.Build.0 = Debug|Win32
		{AF11BCA3-B4A0-4751-92C6-8201139C2A04}.Release|x64.ActiveCfg = Release|x64
		{AF11BCA3-B4A0-4751-92C6-8201139C2A04}.Release|x64.Build.0 = Release|x64
		{AF11BCA3-B4A0-4751-92C6-8201139C2A04}.Release|x86.ActiveCfg = Release|Win32
		{AF11BCA3-B4A0-4751-92C6-8201139C2A04}.Release|x86.Build.0 = Release|Win32
		{374DC8ED-E983-494B-9457-BC1F3F9F781A}.Debug|x64.ActiveCfg = Debug|x64
		{374DC8ED-E983-494B-9457-BC1F3F9F781A}.Debug|x64.Build.0 = Debug|x64
		{374DC8ED-E983-494B-9457-BC1F3F9F781A}.Debug|x86.ActiveCfg = Debug|Win32
		{374DC8ED-E983-494B-9457-BC1F3F9F781A}.Debug|x86.Build.0 = Debug|Win32
		{374DC8ED-E983-494B-9457-BC1F3F9F781A}.Release|x64.ActiveCfg = Release|x64
		{374DC8ED-E983-494B-9457-BC1F3F9F781A}.Release|x64.Build.0 = Release|x64
		{374DC8ED-E983-494B-9457-BC1F3F9F781A}.Release|x86.ActiveCfg = Release|Win32
		{374DC8ED-E983-494B-9457-BC1F3F9F781A}.Release|x86.Build.0 = Release|Win32
		{C92E3032-388A-49B1-A377-719780C63530}.Debug|x64.ActiveCfg = Debug|x64
		{C92E3032-388A-49B1-A377-719780C63530}.Debug|x64.Build.0 = Debug|x64
		{C92E3032-388A-49B1-A377-719780C63530}.Debug|x86.ActiveCfg = Debug|Win32
		{C92E3032-388A-49B1-A377-719780C63530}.Debug|x86.Build.0 = Debug|Win32
		{C92E3032-388A-49B1-A377-719780C63530}.Release|x64.ActiveCfg = Release|x64
		{C92E3032-388A-49B1-A377-719780C63530}.Release|x64.Build.0 = Release|x64
		{C92E3032-388A-49B1-A377-719780C63530}.Release|x86.ActiveCfg = Release|Win32
		{C92E3032-388A-49B1-A377-719780C63530}.Release|x86.Build.0 = Release|Win32
		{CE9E8504-25A3-4CBB-BC56-44A3527E4788}.Debug|x64.ActiveCfg = Debug|x64
		{CE9E8504-25A3-4CBB-BC56-44A3527E4788}.Debug|x64.Build.0 = Debug|x64
		{CE9E8504-25A3-4CBB-BC56-44A3527E4788}.Debug|x86.ActiveCfg = Debug|Win32
		{CE9E8504-25A3-4CBB-BC56-44A3527E4788}.Debug|x86.Build.0 = Debug|Win32
		{CE9E8504-25A3-4CBB-BC56-44A3527E4788}.Release|x64.ActiveCfg = Release|x64
		{CE9E8504-25A3-4CBB-BC56-44A3527E4788}.Release|x64.Build.0 = Release|x64
		{CE9E8504-25A3-4CBB-BC56-44A3527E4788}.Release|x86.ActiveCfg = Release|Win32
		{CE9E8504-25A3-4CBB-BC56-44A3527E4788}.Release|x86.Build.0 = Release|Win32
		{58BC7309-52AC-4B52-B843-F3D302B08EB1}.Debug|x64.ActiveCfg = Debug|x64
		{58BC7309-52AC-4B52-B843-F3D302B08EB1}.Debug|x64.Build.0 = Debug|x64
		{58BC7309-52AC-4B52-B843-F3D302B08EB1}.Debug|x86.ActiveCfg = Debug|Win32
		{58BC7309-52AC-4B52-B843-F3D302B08EB1}.Debug|x86.Build.0 = Debug|Win32
		{58BC7309-52AC-4B52-B843-F3D302B08EB1}.Release|x64.ActiveCfg = Release|x64
		{58BC7309-52AC-4B52-B843-F3D302B08EB1}.Release|x64.Build.0 = Release|x64
		{58BC7309-52AC-4B52-B843-F3D302B08EB1}.Release|x86.ActiveCfg = Release|Win32
		{58BC7309-52AC-4B52-B843-F3D302B08EB1}.Release|x86.Build.0 = Release|Win32
		{75196D08-BDFC-4748-ACFE-6CABCC0F65DF}.Debug|x64.ActiveCfg = Debug|x64
		{75196D08-BDFC-4748-ACFE-6CABCC0F65DF}.Debug|x64.Build.0 = Debug|x64
		{75196D08-BDFC-4748-ACFE-6CABCC0F65DF}.Debug|x86.ActiveCfg = Debug|Win32
		{75196D08-BDFC-4748-ACFE-6CABCC0F65DF}.Debug|x86.Build.0 = Debug|Win32
		{75196D08-BDFC-4748-ACFE-6CABCC0F65DF}.Release|x64.ActiveCfg = Release|x64
		{75196D08-BDFC-4748-ACFE-6CABCC0F65DF}.Release|x64.Build.0 = Release|x64
		{75196D08-BDFC-4748-ACFE-6CABCC0F65DF}.Release|x86.ActiveCfg = Release|Win32
		{75196D08-BDFC-4748-ACFE-6CABCC0F65DF}.Release|x86.Build.0 = Release|Win32
		{4A6FD629-8347-446E-AADD-884661F053F6}.Debug|x64.ActiveCfg = Debug|x64
		{4A6FD629-8347-446E-AADD-884661F053F6}.Debug|x64.Build.0 = Debug|x64
		{4A6FD629-8347-446E-AADD-884661F053F6}.Debug|x86.ActiveCfg = Debug|Win32
		{4A6FD629-8347-446E-AADD-884661F053F6}.Debug|x86.Build.0 = Debug|Win32
		{4A6FD629-8347-446E-AADD-884661F053F6}.Release|x64.ActiveCfg = Release|x64
		{4A6FD629-8347-446E-AADD-884661F053F6}.Release|x64.Build.0 = Release|x64
		{4A6FD629-8347-446E-AADD-884661F053F6}.Release|x86.ActiveCfg = Release|Win32
		{4A6FD629-8347-446E-AADD-884661F053F6}.Release|x86.Build.0 = Release|Win32
		{AC17FE58-54AC-4401-ABAA-F99E28278FEC}.Debug|x64.ActiveCfg = Debug|x64
		{AC17FE58-54AC-4401-ABAA-F99E28278FEC}.Debug|x64.Build.0 = Debug|x64
		{AC17FE58-54AC-4401-ABAA-F99E28278FEC}.Debug|x86.ActiveCfg = Debug|Win32
		{AC17FE58-54AC-4401-ABAA-F99E28278FEC}.Debug|x86.Build.0 = Debug|Win32
		{AC17FE58-54AC-4401-ABAA-F99E28278FEC}.Release|x64.ActiveCfg = Release|x64
		{AC17FE58-54AC-4401-ABAA-F99E28278FEC}.Release|x64.Build.0 = Release|x64
		{AC17FE58-54AC-4401-ABAA-F99E28278FEC}.Release|x86.ActiveCfg = Release|Win32
		{AC17FE58-54AC-4401-ABAA-F99E28278FEC}.Release|x86.Build.0 = Release|Win32
		{6BB5E764-48B5-4DA8-BFDE-656766C1D8FD}.Debug|x64.ActiveCfg = Debug|x64
		{6BB5E764-48B5-4DA8-BFDE-656766C1D8FD}.Debug|x64.Build.0 = Debug|x64
		{6BB5E764-48B5-4DA8-BFDE-656766C1D8FD}.Debug|x86.ActiveCfg = Debug|Win32
		{6BB5E764-48B5-4DA8-BFDE-656766C1D8FD}.Debug|x86.Build.0 = Debug|Win32
		{6BB5E764-48B5-4DA8-BFDE-656766C1D8FD}.Release|x64.ActiveCfg = Release|x64
		{6BB5E764-48B5-4DA8-BFDE-656766C1D8FD}.Release|x64.Build.0 = Release|x64
		{6BB5E764-48B5-4DA8-BFDE-656766C1D8FD}.Release|x86.ActiveCfg = Release|Win32
		{6BB5E764-48B5-4DA8-BFDE-656766C1D8FD}.Release|x86.Build.0 = Release|Win32
		{6876E5A0-D5D9-486F-9CAC-3FC6E9259513}.Debug|x64.ActiveCfg = Debug|x64
		{6876E5A0-D5D9-486F-9CAC-3FC6E9259513}.Debug|x64.Build.0 = Debug|x64
		{6876E5A0-D5D9-486F-9CAC-3FC6E9259513}.Debug|x86.ActiveCfg = Debug|Win32
		{6876E5A0-D5D9-486F-9CAC-3FC6E9259513}.Debug|x86.Build.0 = Debug|Win32
		{6876E5A0-D5D9-486F-9CAC-3FC6E9259513}.Release|x64.ActiveCfg = Release|x64
		{6876E5A0-D5D9-486F-9CAC-3FC6E9259513}.Release|x64.Build.0 = Release|x64
		{6876E5A0-D5D9-486F-9CAC-3FC6E9259513}.Release|x86.ActiveCfg = Release|Win32
		{6876E5A0-D5D9-486F-9CAC-3FC6E9259513}.Release|x86.Build.0 = Release|Win32
		{A59DE9BE-6B8B-4712-9A3F-6F241EB78E58}.Debug|x64.ActiveCfg = Debug|x64
		{A59DE9BE-6B8B-4712-9A3F-6F241EB78E58}.Debug|x64.Build.0 = Debug|x64
		{A59DE9BE-6B8B-4712-9A3F-6F241EB78E58}.Debug|x86.ActiveCfg = Debug|Win32
		{A59DE9BE-6B8B-4712-9A3F-6F241EB78E58}.Debug|x86.Build.0 = Debug|Win32
		{A59DE9BE-6B8B-4712-9A3F-6F241EB78E58}.Release|x64.ActiveCfg = Release|x64
		{A59DE9BE-6B8B-4712-9A3F-6F241EB78E58}.Release|x64.Build.0 = Release|x64
		{A59DE9BE-6B8B-4712-9A3F-6F241EB78E58}.Release|x86.ActiveCfg = Release|Win32
		{A59DE9BE-6B8B-4712-9A3F-6F241EB78E58}.Release|x86.Build.0 = Release|Win32
		{C2280205-6223-4245-82F9-105121AD1F64}.Debug|x64.ActiveCfg = Debug|x64
		{C2280205-6223-4245-82F9-105121AD1F64}.Debug|x64.Build.0 = Debug|x64
		{C2280205-6223-4245-82F9-105121AD1F64}.Debug|x86.ActiveCfg = Debug|Win32
		{C2280205-6223-4245-82F9-105121AD1F64}.Debug|x86.Build.0 = Debug|Win32
		{C2280205-6223-4245-82F9-105121AD1F64}.Release|x64.ActiveCfg = Release|x64
		{C2280205-6223-4245-82F9-105121AD1F64}.Release|x64.Build.0 = Release|x64
		{C2280205-6223-4245-82F9-105121AD1F64}.Release|x86.ActiveCfg = Release|Win32
		{C2280205-6223-4245-82F9-105121AD1F64}.Release|x86.Build.0 = Release|Win32
		{A23F914A-9FE5-4B09-8231-E0C475615145}.Debug|x64.ActiveCfg = Debug|x64
		{A23F914A-9FE5-4B09-8231-E0C475615145}.Debug|x64.Build.0 = Debug|x64
		{A23F914A-9FE5-4B09-8231-E0C475615145}.Debug|x86.ActiveCfg = Debug|Win32
		{A23F914A-9FE5-4B09-8231-E0C475615145}.Debug|x86.Build.0 = Debug|Win32
		{A23F914A-9FE5-4B09-8231-E0C475615145}.Release|x64.ActiveCfg = Release|x64
		{A23F914A-9FE5-4B09-8231-E0C475615145}.Release|x64.Build.0 = Release|x64
		{A23F914A-9FE5-4B09-8231-E0C475615145}.Release|x86.ActiveCfg = Release|Win32
		{A23F914A-9FE5-4B09-8231-E0C475615145}.Release|x86.Build.0 = Release|Win32
		{09FF6560-7093-4DBB-9FB1-B3356003B8E0}.Debug|x64.ActiveCfg = Debug|x64
		{09FF6560-7093-4DBB-9FB1-B3356003B8E0}.Debug|x64.Build.0 = Debug|x64
		{09FF6560-7093-4DBB-9FB1-B3356003B8E0}.Debug|x86.ActiveCfg = Debug|Win32
		{09FF6560-7093-4DBB-9FB1-B3356003B8E0}.Debug|x86.Build.0 = Debug|Win32
		{09FF6560-7093-4DBB-9FB1-B3356003B8E0}.Release|x64.ActiveCfg = Release|x64
		{09FF6560-7093-4DBB-9FB1-B3356003B8E0}.Release|x64.Build.0 = Release|x64
		{09FF6560-7093-4DBB-9FB1-B3356003B8E0}.Release|x86.ActiveCfg = Release|Win32
		{09FF6560-7093-4DBB-9FB1-B3356003B8E0}.Release|x86.Build.0 = Release|Win32
		{3BFB4815-A080-4E7B-A3E4-8A81822294F4}.Debug|x64.ActiveCfg = Debug|x64
		{3BFB4815-A080-4E7B-A3E4-8A81822294F4}.Debug|x64.Build.0 = Debug|x64
		{3BFB4815-A080-4E7B-A3E4-8A81822294F4}.Debug|x86.ActiveCfg = Debug|Win32
		{3BFB4815-A080-4E7B-A3E4-8A81822294F4}.Debug|x86.Build.0 = Debug|Win32
		{3BFB4815-A080-4E7B-A3E4-8A81822294F4}.Release|x64.ActiveCfg = Release|x64
		{3BFB4815-A080-4E7B-A3E4-8A81822294F4}.Release|x64.Build.0 = Release|x64
		{3BFB4815-A080-4E7B-A3E4-8A81822294F4}.Release|x86.ActiveCfg = Release|Win32
		{3BFB4815-A080-4E7B-A3E4-8A81822294F4}.Release|x86.Build.0 = Release|Win32
		{E4690EA2-76D6-4C2D-BA19-748C4B98D83B}.Debug|x64.ActiveCfg = Debug|x64
		{E4690EA2-76D6-4C2D-BA19-748C4B98D83B}.Debug|x64.Build.0 = Debug|x64
		{E4690EA2-76D6-4C2D-BA19-748C4B98D83B}.Debug|x86.ActiveCfg = Debug|Win32
		{E4690EA2-76D6-4C2D-BA19-748C4B98D83B}.Debug|x86.Build.0 = Debug|Win32
		{E4690EA2-76D6-4C2D-BA19-748C4B98D83B}.Release|x64.ActiveCfg = Release|x64
		{E4690EA2-76D6-4C2D-BA19-748C4B98D83B}.Release|x64.Build.0 = Release|x64
		{E4690EA2-76D6-4C2D-BA19-748C4B98D83B}.Release|x86.ActiveCfg = Release|Win32
		{E4690EA2-76D6-4C2D-BA19-748C4B98D83B}.Release|x86.Build.0 = Release|Win32
		{BD1E0499-DD18-4E3A-B996-EAE25BBDFA8E}.Debug|x64.ActiveCfg = Debug|x64
		{BD1E0499-DD18-4E3A-B996-EAE25BBDFA8E}.Debug|x64.Build.0 = Debug|x64
		{BD1E0499-DD18-4E3A-B996-EAE25BBDFA8E}.Debug|x86.ActiveCfg = Debug|Win32
		{BD1E0499-DD18-4E3A-B996-EAE25BBDFA8E}.Debug|x86.Build.0 = Debug|Win32
		{BD1E0499-DD18-4E3A-B996-EAE25BBDFA8E}.Release|x64.ActiveCfg = Release|x64
		{BD1E0499-DD18-4E3A-B996-EAE25BBDFA8E}.Release|x64.Build.0 = Release|x64
		{BD1E0499-DD18-4E3A-B996-EAE25BBDFA8E}.Release|x86.ActiveCfg = Release|Win32
		{BD1E0499-DD18-4E3A-B996-EAE25BBDFA8E}.Release|x86.Build.0 = Release|Win32
		{0AF4AE5B-64C0-41A5-863C-94EFC03FF4D1}.Debug|x64.ActiveCfg = Debug|x64
		{0AF4AE5B-64C0-41A5-863C-94EFC03FF4D1}.Debug|x64.Build.0 = Debug|x64
		{0AF4AE5B-64C0-41A5-863C-94EFC03FF4D1}.Debug|x86.ActiveCfg = Debug|Win32
		{0AF4AE5B-64C0-41A5-863C-94EFC03FF4D1}.Debug|x86.Build.0 = Debug|Win32
		{0AF4AE5B-64C0-41A5-863C-94EFC03FF4D1}.Release|x64.ActiveCfg = Release|x64
		{0AF4AE5B-64C0-41A5-863C-94EFC03FF4D1}.Release|x64.Build.0 = Release|x64
		{0AF4AE5B-64C0-41A5-863C-94EFC03FF4D1}.Release|x86.ActiveCfg = Release|Win32
		{0AF4AE5B-64C0-41A5-863C-94EFC03FF4D1}.Release|x86.Build.0 = Release|Win32
		{44599D94-F669-44A6-B96A-4A0610957AC2}.Debug|x64.ActiveCfg = Debug|x64
		{44599D94-F669-44A6-B96A-4A0610957AC2}.Debug|x64.Build.0 = Debug|x64
		{44599D94-F669-44A6-B96A-4A0610957AC2}.Debug|x86.ActiveCfg = Debug|Win32
		{44599D94-F669-44A6-B96A-4A0610957AC2}.Debug|x86.Build.0 = Debug|Win32
		{44599D94-F669-44A6-B96A-4A0610957AC2}.Release|x64.ActiveCfg = Release|x64
		{44599D94-F669-44A6-B96A-4A0610957AC2}.Release|x64.Build.0 = Release|x64
		{44599D94-F669-44A6-B96A-4A0610957AC2}.Release|x86.ActiveCfg = Release|Win32
		{44599D94-F669-44A6-B96A-4A0610957AC2}.Release|x86.Build.0 = Release|Win32
		{58943292-6092-47C8-90C4-F39413554790}.Debug|x64.ActiveCfg = Debug|x64
		{58943292-6092-47C8-90C4-F39413554790}.Debug|x64.Build.0 = Debug|x64
		{58943292-6092-47C8-90C4-F39413554790}.Debug|x86.ActiveCfg = Debug|Win32
		{58943292-6092-47C8-90C4-F39413554790}.Debug|x86.Build.0 = Debug|Win32
		{58943292-6092-47C8-90C4-F39413554790}.Release|x64.ActiveCfg = Release|x64
		{58943292-6092-47C8-90C4-F39413554790}.Release|x64.Build.0 = Release|x64
		{58943292-6092-47C8-90C4-F39413554790}.Release|x86.ActiveCfg = Release|Win32
		{58943292-6092-47C8-90C4-F39413554790}.Release|x86.Build.0 = Release|Win32
		{AA76F2E6-7E9D-473E-874D-599981C2826F}.Debug|x64.ActiveCfg = Debug|x64
		{AA76F2E6-7E9D-473E-874D-599981C2826F}.Debug|x64.Build.0 = Debug|x64
		{AA76F2E6-7E9D-473E-874D-599981C2826F}.Debug|x86.ActiveCfg = Debug|Win32
		{AA76F2E6-7E9D-473E-874D-599981C2826F}.Debug|x86.Build.0 = Debug|Win32
		{AA76F2E6-7E9D-473E-874D-599981C2826F}.Release|x64.ActiveCfg = Release|x64
		{AA76F2E6-7E9D-473E-874D-599981C2826F}.Release|x64.Build.0 = Release|x64
		{AA76F2E6-7E9D-473E-874D-599981C2826F}.Release|x86.ActiveCfg = Release|Win32
		{AA76F2E6-7E9D-473E-874D-599981C2826F}.Release|x86.Build.0 = Release|Win32
		{D79BDE93-0DC7-4A30-B9B9-A450A5B88585}.Debug|x64.ActiveCfg = Debug|x64
		{D79BDE93-0DC7-4A30-B9B9-A450A5B88585}.Debug|x64.Build.0 = Debug|x64
		{D79BDE93-0DC7-4A30-B9B9-A450A5B88585}.Debug|x86.ActiveCfg = Debug|Win32
		{D79BDE93-0DC7-4A30-B9B9-A450A5B88585}.Debug|x86.Build.0 = Debug|Win32
		{D79BDE93-0DC7-4A30-B9B9-A450A5B88585}.Release|x64.ActiveCfg = Release|x64
		{D79BDE93-0DC7-4A30-B9B9-A450A5B88585}.Release|x64.Build.0 = Release|x64
		{D79BDE93-0DC7-4A30-B9B9-A450A5B88585}.Release|x86.ActiveCfg = Release|Win32
		{D79BDE93-0DC7-4A30-B9B9-A450A5B88585}.Release|x86.Build.0 = Release|Win32
		{0FA2991D-049C-4496-BDD5-5AADF4073AB4}.Debug|x64.ActiveCfg = Debug|x64
		{0FA2991D-049C-4496-BDD5-5AADF4073AB4}.Debug|x64.Build.0 = Debug|x64
		{0FA2991D-049C-4496-BDD5-5AADF4073AB4}.Debug|x86.ActiveCfg = Debug|Win32
		{0FA2991D-049C-4496-BDD5-5AADF4073AB4}.Debug|x86.Build.0 = Debug|Win32
		{0FA2991D-049C-4496-BDD5-5AADF4073AB4}.Release|x64.ActiveCfg = Release|x64
		{0FA2991D-049C-4496-BDD5-5AADF4073AB4}.Release|x64.Build.0 = Release|x64
		{0FA2991D-049C-4496-BDD5-5AADF4073AB4}.Release|x86.ActiveCfg = Release|Win32
		{0FA2991D-049C-4496-BDD5-5AADF4073AB4}.Release|x86.Build.0 = Release|Win32
		{15A14824-C94E-4ECC-A1BA-3D9D8724115E}.Debug|x64.ActiveCfg = Debug|x64
		{15A14824-C94E-4ECC-A1BA-3D9D8724115E}.Debug|x64.Build.0 = Debug|x64
		{15A14824-C94E-4ECC-A1BA-3D9D8724115E}.Debug|x86.ActiveCfg = Debug|Win32
		{15A14824-C94E-4ECC-A1BA-3D9D8724115E}.Debug|x86.Build.0 = Debug|Win32
		{15A14824-C94E-4ECC-A1BA-3D9D8724115E}.Release|x64.ActiveCfg = Release|x64
		{15A14824-C94E-4ECC-A1BA-3D9D8724115E}.Release|x64.Build.0 = Release|x64
		{15A14824-C94E-4ECC-A1BA-3D9D8724115E}.Release|x86.ActiveCfg = Release|Win32
		{15A14824-C94E-4ECC-A1BA-3D9D8724115E}.Release|x86.Build.0 = Release|Win32
		{BFA6B448-0158-4C23-B717-72A2857FB3A7}.Debug|x64.ActiveCfg = Debug|x64
		{BFA6B448-0158-4C23-B717-72A2857FB3A7}.Debug|x64.Build.0 = Debug|x64
		{BFA6B448-0158-4C23-B717-72A2857FB3A7}.Debug|x86.ActiveCfg = Debug|Win32
		{BFA6B448-0158-4C23-B717-72A2857FB3A7}.Debug|x86.Build.0 = Debug|Win32
		{BFA6B448-0158-4C23-B717-72A2857FB3A7}.Release|x64.ActiveCfg = Release|x64
		{BFA6B448-0158-4C23-B717-72A2857FB3A7}.Release|x64.Build.0 = Release|x64
		{BFA6B448-0158-4C23-B717-72A2857FB3A7}.Release|x86.ActiveCfg = Release|Win32
		{BFA6B448-0158-4C23-B717-72A2857FB3A7}.Release|x86.Build.0 = Release|Win32
		{B1240FC9-904E-4848-BC1E-7A332E2F4A8C}.Debug|x64.ActiveCfg = Debug|x64
		{B1240FC9-904E-4848-BC1E-7A332E2F4A8C}.Debug|x64.Build.0 = Debug|x64
		{B1240FC9-904E-4848-BC1E-7A332E2F4A8C}.Debug|x86.ActiveCfg = Debug|Win32
		{B1240FC9-904E-4848-BC1E-7A332E2F4A8C}.Debug|x86.Build.0 = Debug|Win32
		{B1240FC9-904E-4848-BC1E-7A332E2F4A8C}.Release|x64.ActiveCfg = Release|x64
		{B1240FC9-904E-4848-BC1E-7A332E2F4A8C}.Release|x64.Build.0 = Release|x64
		{B1240FC9-904E-4848-BC1E-7A332E2F4A8C}.Release|x86.ActiveCfg = Release|Win32
		{B1240FC9-904E-4848-BC1E-7A332E2F4A8C}.Release|x86.Build.0 = Release|Win32
	EndGlobalSection
	GlobalSection(SolutionProperties) = preSolution
		HideSolutionNode = FALSE
	EndGlobalSection
	GlobalSection(ExtensibilityGlobals) = postSolution
		SolutionGuid = {B9D53E37-C162-4FEE-8FF6-3C12F0A1B12C}
	EndGlobalSection
EndGlobal
