
Microsoft Visual Studio Solution File, Format Version 12.00
# Visual Studio Version 16
VisualStudioVersion = 16.0.30011.22
MinimumVisualStudioVersion = 10.0.40219.1
Project("{8BC9CEB8-8B4A-11D0-8D11-00A0C91BC942}") = "Tema2-09", "Tema2-09\Tema2-09.vcxproj", "{0263B914-5E7E-4012-81ED-31B58BB1CE67}"
EndProject
Project("{8BC9CEB8-8B4A-11D0-8D11-00A0C91BC942}") = "Tema3-01", "Tema3-01\Tema3-01.vcxproj", "{7FDBD3BA-2B45-4A7A-841B-CF810C48BAA7}"
EndProject
Project("{8BC9CEB8-8B4A-11D0-8D11-00A0C91BC942}") = "Tema3-02", "Tema3-02\Tema3-02.vcxproj", "{C55D0A5A-F82E-4163-9BCE-B57C60B6E2F9}"
EndProject
Project("{8BC9CEB8-8B4A-11D0-8D11-00A0C91BC942}") = "Tema3-05", "Tema3-05\Tema3-05.vcxproj", "{ACC5D2EA-3405-49AE-AE4A-F76B5B769E9B}"
EndProject
Project("{8BC9CEB8-8B4A-11D0-8D11-00A0C91BC942}") = "Tema3-06", "Tema3-06\Tema3-06.vcxproj", "{AF11BCA3-B4A0-4751-92C6-8201139C2A04}"
EndProject
Project("{8BC9CEB8-8B4A-11D0-8D11-00A0C91BC942}") = "Tema3-07", "Tema3-07\Tema3-07.vcxproj", "{374DC8ED-E983-494B-9457-BC1F3F9F781A}"
EndProject
Project("{8BC9CEB8-8B4A-11D0-8D11-00A0C91BC942}") = "Tema3-08", "Tema3-08\Tema3-08.vcxproj", "{C92E3032-388A-49B1-A377-719780C63530}"
EndProject
Project("{8BC9CEB8-8B4A-11D0-8D11-00A0C91BC942}") = "Tema4-01", "Tema4-01\Tema4-01.vcxproj", "{CE9E8504-25A3-4CBB-BC56-44A3527E4788}"
EndProject
Project("{8BC9CEB8-8B4A-11D0-8D11-00A0C91BC942}") = "Tema4-03", "Tema4-03\Tema4-03.vcxproj", "{58BC7309-52AC-4B52-B843-F3D302B08EB1}"
EndProject
Project("{8BC9CEB8-8B4A-11D0-8D11-00A0C91BC942}") = "Tema4-02", "Tema4-02\Tema4-02.vcxproj", "{75196D08-BDFC-4748-ACFE-6CABCC0F65DF}"
EndProject
Project("{8BC9CEB8-8B4A-11D0-8D11-00A0C91BC942}") = "Tema5-01", "Tema5-01\Tema5-01.vcxproj", "{4A6FD629-8347-446E-AADD-884661F053F6}"
EndProject
Project("{8BC9CEB8-8B4A-11D0-8D11-00A0C91BC942}") = "Tema5-02", "Tema5-02\Tema5-02.vcxproj", "{AC17FE58-54AC-4401-ABAA-F99E28278FEC}"
EndProject
Project("{8BC9CEB8-8B4A-11D0-8D11-00A0C91BC942}") = "Tema5-03", "Tema5-03\Tema5-03.vcxproj", "{6BB5E764-48B5-4DA8-BFDE-656766C1D8FD}"
EndProject
Project("{8BC9CEB8-8B4A-11D0-8D11-00A0C91BC942}") = "Tema5-04", "Tema5-04\Tema5-04.vcxproj", "{6876E5A0-D5D9-486F-9CAC-3FC6E9259513}"
EndProject
Global
	GlobalSection(SolutionConfigurationPlatforms) = preSolution
		Debug|x64 = Debug|x64
		Debug|x86 = Debug|x86
		Release|x64 = Release|x64
		Release|x86 = Release|x86
	EndGlobalSection
	GlobalSection(ProjectConfigurationPlatforms) = postSolution
		{0263B914-5E7E-4012-81ED-31B58BB1CE67}.Debug|x64.ActiveCfg = Debug|x64
		{0263B914-5E7E-4012-81ED-31B58BB1CE67}.Debug|x64.Build.0 = Debug|x64
		{0263B914-5E7E-4012-81ED-31B58BB1CE67}.Debug|x86.ActiveCfg = Debug|Win32
		{0263B914-5E7E-4012-81ED-31B58BB1CE67}.Debug|x86.Build.0 = Debug|Win32
		{0263B914-5E7E-4012-81ED-31B58BB1CE67}.Release|x64.ActiveCfg = Release|x64
		{0263B914-5E7E-4012-81ED-31B58BB1CE67}.Release|x64.Build.0 = Release|x64
		{0263B914-5E7E-4012-81ED-31B58BB1CE67}.Release|x86.ActiveCfg = Release|Win32
		{0263B914-5E7E-4012-81ED-31B58BB1CE67}.Release|x86.Build.0 = Release|Win32
		{7FDBD3BA-2B45-4A7A-841B-CF810C48BAA7}.Debug|x64.ActiveCfg = Debug|x64
		{7FDBD3BA-2B45-4A7A-841B-CF810C48BAA7}.Debug|x64.Build.0 = Debug|x64
		{7FDBD3BA-2B45-4A7A-841B-CF810C48BAA7}.Debug|x86.ActiveCfg = Debug|Win32
		{7FDBD3BA-2B45-4A7A-841B-CF810C48BAA7}.Debug|x86.Build.0 = Debug|Win32
		{7FDBD3BA-2B45-4A7A-841B-CF810C48BAA7}.Release|x64.ActiveCfg = Release|x64
		{7FDBD3BA-2B45-4A7A-841B-CF810C48BAA7}.Release|x64.Build.0 = Release|x64
		{7FDBD3BA-2B45-4A7A-841B-CF810C48BAA7}.Release|x86.ActiveCfg = Release|Win32
		{7FDBD3BA-2B45-4A7A-841B-CF810C48BAA7}.Release|x86.Build.0 = Release|Win32
		{C55D0A5A-F82E-4163-9BCE-B57C60B6E2F9}.Debug|x64.ActiveCfg = Debug|x64
		{C55D0A5A-F82E-4163-9BCE-B57C60B6E2F9}.Debug|x64.Build.0 = Debug|x64
		{C55D0A5A-F82E-4163-9BCE-B57C60B6E2F9}.Debug|x86.ActiveCfg = Debug|Win32
		{C55D0A5A-F82E-4163-9BCE-B57C60B6E2F9}.Debug|x86.Build.0 = Debug|Win32
		{C55D0A5A-F82E-4163-9BCE-B57C60B6E2F9}.Release|x64.ActiveCfg = Release|x64
		{C55D0A5A-F82E-4163-9BCE-B57C60B6E2F9}.Release|x64.Build.0 = Release|x64
		{C55D0A5A-F82E-4163-9BCE-B57C60B6E2F9}.Release|x86.ActiveCfg = Release|Win32
		{C55D0A5A-F82E-4163-9BCE-B57C60B6E2F9}.Release|x86.Build.0 = Release|Win32
		{ACC5D2EA-3405-49AE-AE4A-F76B5B769E9B}.Debug|x64.ActiveCfg = Debug|x64
		{ACC5D2EA-3405-49AE-AE4A-F76B5B769E9B}.Debug|x64.Build.0 = Debug|x64
		{ACC5D2EA-3405-49AE-AE4A-F76B5B769E9B}.Debug|x86.ActiveCfg = Debug|Win32
		{ACC5D2EA-3405-49AE-AE4A-F76B5B769E9B}.Debug|x86.Build.0 = Debug|Win32
		{ACC5D2EA-3405-49AE-AE4A-F76B5B769E9B}.Release|x64.ActiveCfg = Release|x64
		{ACC5D2EA-3405-49AE-AE4A-F76B5B769E9B}.Release|x64.Build.0 = Release|x64
		{ACC5D2EA-3405-49AE-AE4A-F76B5B769E9B}.Release|x86.ActiveCfg = Release|Win32
		{ACC5D2EA-3405-49AE-AE4A-F76B5B769E9B}.Release|x86.Build.0 = Release|Win32
		{AF11BCA3-B4A0-4751-92C6-8201139C2A04}.Debug|x64.ActiveCfg = Debug|x64
		{AF11BCA3-B4A0-4751-92C6-8201139C2A04}.Debug|x64.Build.0 = Debug|x64
		{AF11BCA3-B4A0-4751-92C6-8201139C2A04}.Debug|x86.ActiveCfg = Debug|Win32
		{AF11BCA3-B4A0-4751-92C6-8201139C2A04}.Debug|x86.Build.0 = Debug|Win32
		{AF11BCA3-B4A0-4751-92C6-8201139C2A04}.Release|x64.ActiveCfg = Release|x64
		{AF11BCA3-B4A0-4751-92C6-8201139C2A04}.Release|x64.Build.0 = Release|x64
		{AF11BCA3-B4A0-4751-92C6-8201139C2A04}.Release|x86.ActiveCfg = Release|Win32
		{AF11BCA3-B4A0-4751-92C6-8201139C2A04}.Release|x86.Build.0 = Release|Win32
		{374DC8ED-E983-494B-9457-BC1F3F9F781A}.Debug|x64.ActiveCfg = Debug|x64
		{374DC8ED-E983-494B-9457-BC1F3F9F781A}.Debug|x64.Build.0 = Debug|x64
		{374DC8ED-E983-494B-9457-BC1F3F9F781A}.Debug|x86.ActiveCfg = Debug|Win32
		{374DC8ED-E983-494B-9457-BC1F3F9F781A}.Debug|x86.Build.0 = Debug|Win32
		{374DC8ED-E983-494B-9457-BC1F3F9F781A}.Release|x64.ActiveCfg = Release|x64
		{374DC8ED-E983-494B-9457-BC1F3F9F781A}.Release|x64.Build.0 = Release|x64
		{374DC8ED-E983-494B-9457-BC1F3F9F781A}.Release|x86.ActiveCfg = Release|Win32
		{374DC8ED-E983-494B-9457-BC1F3F9F781A}.Release|x86.Build.0 = Release|Win32
		{C92E3032-388A-49B1-A377-719780C63530}.Debug|x64.ActiveCfg = Debug|x64
		{C92E3032-388A-49B1-A377-719780C63530}.Debug|x64.Build.0 = Debug|x64
		{C92E3032-388A-49B1-A377-719780C63530}.Debug|x86.ActiveCfg = Debug|Win32
		{C92E3032-388A-49B1-A377-719780C63530}.Debug|x86.Build.0 = Debug|Win32
		{C92E3032-388A-49B1-A377-719780C63530}.Release|x64.ActiveCfg = Release|x64
		{C92E3032-388A-49B1-A377-719780C63530}.Release|x64.Build.0 = Release|x64
		{C92E3032-388A-49B1-A377-719780C63530}.Release|x86.ActiveCfg = Release|Win32
		{C92E3032-388A-49B1-A377-719780C63530}.Release|x86.Build.0 = Release|Win32
		{CE9E8504-25A3-4CBB-BC56-44A3527E4788}.Debug|x64.ActiveCfg = Debug|x64
		{CE9E8504-25A3-4CBB-BC56-44A3527E4788}.Debug|x64.Build.0 = Debug|x64
		{CE9E8504-25A3-4CBB-BC56-44A3527E4788}.Debug|x86.ActiveCfg = Debug|Win32
		{CE9E8504-25A3-4CBB-BC56-44A3527E4788}.Debug|x86.Build.0 = Debug|Win32
		{CE9E8504-25A3-4CBB-BC56-44A3527E4788}.Release|x64.ActiveCfg = Release|x64
		{CE9E8504-25A3-4CBB-BC56-44A3527E4788}.Release|x64.Build.0 = Release|x64
		{CE9E8504-25A3-4CBB-BC56-44A3527E4788}.Release|x86.ActiveCfg = Release|Win32
		{CE9E8504-25A3-4CBB-BC56-44A3527E4788}.Release|x86.Build.0 = Release|Win32
		{58BC7309-52AC-4B52-B843-F3D302B08EB1}.Debug|x64.ActiveCfg = Debug|x64
		{58BC7309-52AC-4B52-B843-F3D302B08EB1}.Debug|x64.Build.0 = Debug|x64
		{58BC7309-52AC-4B52-B843-F3D302B08EB1}.Debug|x86.ActiveCfg = Debug|Win32
		{58BC7309-52AC-4B52-B843-F3D302B08EB1}.Debug|x86.Build.0 = Debug|Win32
		{58BC7309-52AC-4B52-B843-F3D302B08EB1}.Release|x64.ActiveCfg = Release|x64
		{58BC7309-52AC-4B52-B843-F3D302B08EB1}.Release|x64.Build.0 = Release|x64
		{58BC7309-52AC-4B52-B843-F3D302B08EB1}.Release|x86.ActiveCfg = Release|Win32
		{58BC7309-52AC-4B52-B843-F3D302B08EB1}.Release|x86.Build.0 = Release|Win32
		{75196D08-BDFC-4748-ACFE-6CABCC0F65DF}.Debug|x64.ActiveCfg = Debug|x64
		{75196D08-BDFC-4748-ACFE-6CABCC0F65DF}.Debug|x64.Build.0 = Debug|x64
		{75196D08-BDFC-4748-ACFE-6CABCC0F65DF}.Debug|x86.ActiveCfg = Debug|Win32
		{75196D08-BDFC-4748-ACFE-6CABCC0F65DF}.Debug|x86.Build.0 = Debug|Win32
		{75196D08-BDFC-4748-ACFE-6CABCC0F65DF}.Release|x64.ActiveCfg = Release|x64
		{75196D08-BDFC-4748-ACFE-6CABCC0F65DF}.Release|x64.Build.0 = Release|x64
		{75196D08-BDFC-4748-ACFE-6CABCC0F65DF}.Release|x86.ActiveCfg = Release|Win32
		{75196D08-BDFC-4748-ACFE-6CABCC0F65DF}.Release|x86.Build.0 = Release|Win32
		{4A6FD629-8347-446E-AADD-884661F053F6}.Debug|x64.ActiveCfg = Debug|x64
		{4A6FD629-8347-446E-AADD-884661F053F6}.Debug|x64.Build.0 = Debug|x64
		{4A6FD629-8347-446E-AADD-884661F053F6}.Debug|x86.ActiveCfg = Debug|Win32
		{4A6FD629-8347-446E-AADD-884661F053F6}.Debug|x86.Build.0 = Debug|Win32
		{4A6FD629-8347-446E-AADD-884661F053F6}.Release|x64.ActiveCfg = Release|x64
		{4A6FD629-8347-446E-AADD-884661F053F6}.Release|x64.Build.0 = Release|x64
		{4A6FD629-8347-446E-AADD-884661F053F6}.Release|x86.ActiveCfg = Release|Win32
		{4A6FD629-8347-446E-AADD-884661F053F6}.Release|x86.Build.0 = Release|Win32
		{AC17FE58-54AC-4401-ABAA-F99E28278FEC}.Debug|x64.ActiveCfg = Debug|x64
		{AC17FE58-54AC-4401-ABAA-F99E28278FEC}.Debug|x64.Build.0 = Debug|x64
		{AC17FE58-54AC-4401-ABAA-F99E28278FEC}.Debug|x86.ActiveCfg = Debug|Win32
		{AC17FE58-54AC-4401-ABAA-F99E28278FEC}.Debug|x86.Build.0 = Debug|Win32
		{AC17FE58-54AC-4401-ABAA-F99E28278FEC}.Release|x64.ActiveCfg = Release|x64
		{AC17FE58-54AC-4401-ABAA-F99E28278FEC}.Release|x64.Build.0 = Release|x64
		{AC17FE58-54AC-4401-ABAA-F99E28278FEC}.Release|x86.ActiveCfg = Release|Win32
		{AC17FE58-54AC-4401-ABAA-F99E28278FEC}.Release|x86.Build.0 = Release|Win32
		{6BB5E764-48B5-4DA8-BFDE-656766C1D8FD}.Debug|x64.ActiveCfg = Debug|x64
		{6BB5E764-48B5-4DA8-BFDE-656766C1D8FD}.Debug|x64.Build.0 = Debug|x64
		{6BB5E764-48B5-4DA8-BFDE-656766C1D8FD}.Debug|x86.ActiveCfg = Debug|Win32
		{6BB5E764-48B5-4DA8-BFDE-656766C1D8FD}.Debug|x86.Build.0 = Debug|Win32
		{6BB5E764-48B5-4DA8-BFDE-656766C1D8FD}.Release|x64.ActiveCfg = Release|x64
		{6BB5E764-48B5-4DA8-BFDE-656766C1D8FD}.Release|x64.Build.0 = Release|x64
		{6BB5E764-48B5-4DA8-BFDE-656766C1D8FD}.Release|x86.ActiveCfg = Release|Win32
		{6BB5E764-48B5-4DA8-BFDE-656766C1D8FD}.Release|x86.Build.0 = Release|Win32
		{6876E5A0-D5D9-486F-9CAC-3FC6E9259513}.Debug|x64.ActiveCfg = Debug|x64
		{6876E5A0-D5D9-486F-9CAC-3FC6E9259513}.Debug|x64.Build.0 = Debug|x64
		{6876E5A0-D5D9-486F-9CAC-3FC6E9259513}.Debug|x86.ActiveCfg = Debug|Win32
		{6876E5A0-D5D9-486F-9CAC-3FC6E9259513}.Debug|x86.Build.0 = Debug|Win32
		{6876E5A0-D5D9-486F-9CAC-3FC6E9259513}.Release|x64.ActiveCfg = Release|x64
		{6876E5A0-D5D9-486F-9CAC-3FC6E9259513}.Release|x64.Build.0 = Release|x64
		{6876E5A0-D5D9-486F-9CAC-3FC6E9259513}.Release|x86.ActiveCfg = Release|Win32
		{6876E5A0-D5D9-486F-9CAC-3FC6E9259513}.Release|x86.Build.0 = Release|Win32
	EndGlobalSection
	GlobalSection(SolutionProperties) = preSolution
		HideSolutionNode = FALSE
	EndGlobalSection
	GlobalSection(ExtensibilityGlobals) = postSolution
		SolutionGuid = {B9D53E37-C162-4FEE-8FF6-3C12F0A1B12C}
	EndGlobalSection
EndGlobal
